{
  "name": "@marvelousjs/service-daemon-client",
  "version": "0.0.0",
  "lockfileVersion": 1,
  "requires": true,
  "dependencies": {
    "@types/node": {
      "version": "11.13.14",
      "resolved": "https://registry.npmjs.org/@types/node/-/node-11.13.14.tgz",
      "integrity": "sha512-9NjFOB6UUGjJLNANmyIouuaN8YPsPgC4DCOd5lU+DL7HSX/RCfzz0JOtHlspEJq1Ll/JUu/8Cm4wzxpZ8w5sjQ==",
      "dev": true
    },
    "typescript": {
      "version": "3.5.1",
      "resolved": "https://registry.npmjs.org/typescript/-/typescript-3.5.1.tgz",
      "integrity": "sha512-64HkdiRv1yYZsSe4xC1WVgamNigVYjlssIoaH2HcZF0+ijsk5YK2g0G34w9wJkze8+5ow4STd22AynfO6ZYYLw==",
      "dev": true
    }
  }
}
